// !$*UTF8*$!
{
	archiveVersion = 1;
	classes = {
	};
	objectVersion = 46;
	objects = {

/* Begin PBXBuildFile section */
		18178AB119C9A3510061831B /* Foundation.framework in Frameworks */ = {isa = PBXBuildFile; fileRef = 18178AB019C9A3510061831B /* Foundation.framework */; };
		18178AB319C9A3510061831B /* CoreGraphics.framework in Frameworks */ = {isa = PBXBuildFile; fileRef = 18178AB219C9A3510061831B /* CoreGraphics.framework */; };
		18178AB519C9A3510061831B /* UIKit.framework in Frameworks */ = {isa = PBXBuildFile; fileRef = 18178AB419C9A3510061831B /* UIKit.framework */; };
		18178AB719C9A3510061831B /* SpriteKit.framework in Frameworks */ = {isa = PBXBuildFile; fileRef = 18178AB619C9A3510061831B /* SpriteKit.framework */; };
		18178ABD19C9A3510061831B /* InfoPlist.strings in Resources */ = {isa = PBXBuildFile; fileRef = 18178ABB19C9A3510061831B /* InfoPlist.strings */; };
		18178ABF19C9A3510061831B /* main.m in Sources */ = {isa = PBXBuildFile; fileRef = 18178ABE19C9A3510061831B /* main.m */; };
		18178AC319C9A3510061831B /* AppDelegate.m in Sources */ = {isa = PBXBuildFile; fileRef = 18178AC219C9A3510061831B /* AppDelegate.m */; };
		18178AC619C9A3510061831B /* Main.storyboard in Resources */ = {isa = PBXBuildFile; fileRef = 18178AC419C9A3510061831B /* Main.storyboard */; };
		18178AC919C9A3510061831B /* ViewController.m in Sources */ = {isa = PBXBuildFile; fileRef = 18178AC819C9A3510061831B /* ViewController.m */; };
		18178ACC19C9A3510061831B /* MyScene.m in Sources */ = {isa = PBXBuildFile; fileRef = 18178ACB19C9A3510061831B /* MyScene.m */; };
		18178AD019C9A3510061831B /* Images.xcassets in Resources */ = {isa = PBXBuildFile; fileRef = 18178ACF19C9A3510061831B /* Images.xcassets */; };
		18178AD719C9A3510061831B /* XCTest.framework in Frameworks */ = {isa = PBXBuildFile; fileRef = 18178AD619C9A3510061831B /* XCTest.framework */; };
		18178AD819C9A3510061831B /* Foundation.framework in Frameworks */ = {isa = PBXBuildFile; fileRef = 18178AB019C9A3510061831B /* Foundation.framework */; };
		18178AD919C9A3510061831B /* UIKit.framework in Frameworks */ = {isa = PBXBuildFile; fileRef = 18178AB419C9A3510061831B /* UIKit.framework */; };
		18178AE119C9A3510061831B /* InfoPlist.strings in Resources */ = {isa = PBXBuildFile; fileRef = 18178ADF19C9A3510061831B /* InfoPlist.strings */; };
		18178AE319C9A3510061831B /* SoccerTests.m in Sources */ = {isa = PBXBuildFile; fileRef = 18178AE219C9A3510061831B /* SoccerTests.m */; };
		18178AF619C9A6C70061831B /* PROPELLER 1.png in Resources */ = {isa = PBXBuildFile; fileRef = 18178AF419C9A6C70061831B /* PROPELLER 1.png */; };
		18178AF719C9A6C70061831B /* PROPELLER 2.png in Resources */ = {isa = PBXBuildFile; fileRef = 18178AF519C9A6C70061831B /* PROPELLER 2.png */; };
		18178B0919C9BFB50061831B /* GragView.m in Sources */ = {isa = PBXBuildFile; fileRef = 18178B0819C9BFB50061831B /* GragView.m */; };
		181CA47C19CA33480009BE1F /* player1.png in Resources */ = {isa = PBXBuildFile; fileRef = 181CA47819CA33480009BE1F /* player1.png */; };
		181CA47D19CA33480009BE1F /* player2.png in Resources */ = {isa = PBXBuildFile; fileRef = 181CA47919CA33480009BE1F /* player2.png */; };
		188878EB19CB2A960051614F /* soccer.png in Resources */ = {isa = PBXBuildFile; fileRef = 188878EA19CB2A960051614F /* soccer.png */; };
		18B88AC219D9EF9E005578CE /* background.jpeg in Resources */ = {isa = PBXBuildFile; fileRef = 18B88AC119D9EF9E005578CE /* background.jpeg */; };
/* End PBXBuildFile section */

/* Begin PBXContainerItemProxy section */
		18178ADA19C9A3510061831B /* PBXContainerItemProxy */ = {
			isa = PBXContainerItemProxy;
			containerPortal = 18178AA519C9A3510061831B /* Project object */;
			proxyType = 1;
			remoteGlobalIDString = 18178AAC19C9A3510061831B;
			remoteInfo = Soccer;
		};
/* End PBXContainerItemProxy section */

/* Begin PBXFileReference section */
		18178AAD19C9A3510061831B /* Soccer.app */ = {isa = PBXFileReference; explicitFileType = wrapper.application; includeInIndex = 0; path = Soccer.app; sourceTree = BUILT_PRODUCTS_DIR; };
		18178AB019C9A3510061831B /* Foundation.framework */ = {isa = PBXFileReference; lastKnownFileType = wrapper.framework; name = Foundation.framework; path = System/Library/Frameworks/Foundation.framework; sourceTree = SDKROOT; };
		18178AB219C9A3510061831B /* CoreGraphics.framework */ = {isa = PBXFileReference; lastKnownFileType = wrapper.framework; name = CoreGraphics.framework; path = System/Library/Frameworks/CoreGraphics.framework; sourceTree = SDKROOT; };
		18178AB419C9A3510061831B /* UIKit.framework */ = {isa = PBXFileReference; lastKnownFileType = wrapper.framework; name = UIKit.framework; path = System/Library/Frameworks/UIKit.framework; sourceTree = SDKROOT; };
		18178AB619C9A3510061831B /* SpriteKit.framework */ = {isa = PBXFileReference; lastKnownFileType = wrapper.framework; name = SpriteKit.framework; path = System/Library/Frameworks/SpriteKit.framework; sourceTree = SDKROOT; };
		18178ABA19C9A3510061831B /* Soccer-Info.plist */ = {isa = PBXFileReference; lastKnownFileType = text.plist.xml; path = "Soccer-Info.plist"; sourceTree = "<group>"; };
		18178ABC19C9A3510061831B /* en */ = {isa = PBXFileReference; lastKnownFileType = text.plist.strings; name = en; path = en.lproj/InfoPlist.strings; sourceTree = "<group>"; };
		18178ABE19C9A3510061831B /* main.m */ = {isa = PBXFileReference; lastKnownFileType = sourcecode.c.objc; path = main.m; sourceTree = "<group>"; };
		18178AC019C9A3510061831B /* Soccer-Prefix.pch */ = {isa = PBXFileReference; lastKnownFileType = sourcecode.c.h; path = "Soccer-Prefix.pch"; sourceTree = "<group>"; };
		18178AC119C9A3510061831B /* AppDelegate.h */ = {isa = PBXFileReference; lastKnownFileType = sourcecode.c.h; path = AppDelegate.h; sourceTree = "<group>"; };
		18178AC219C9A3510061831B /* AppDelegate.m */ = {isa = PBXFileReference; lastKnownFileType = sourcecode.c.objc; path = AppDelegate.m; sourceTree = "<group>"; };
		18178AC519C9A3510061831B /* Base */ = {isa = PBXFileReference; lastKnownFileType = file.storyboard; name = Base; path = Base.lproj/Main.storyboard; sourceTree = "<group>"; };
		18178AC719C9A3510061831B /* ViewController.h */ = {isa = PBXFileReference; lastKnownFileType = sourcecode.c.h; path = ViewController.h; sourceTree = "<group>"; };
		18178AC819C9A3510061831B /* ViewController.m */ = {isa = PBXFileReference; lastKnownFileType = sourcecode.c.objc; path = ViewController.m; sourceTree = "<group>"; };
		18178ACA19C9A3510061831B /* MyScene.h */ = {isa = PBXFileReference; lastKnownFileType = sourcecode.c.h; path = MyScene.h; sourceTree = "<group>"; };
		18178ACB19C9A3510061831B /* MyScene.m */ = {isa = PBXFileReference; lastKnownFileType = sourcecode.c.objc; path = MyScene.m; sourceTree = "<group>"; };
		18178ACF19C9A3510061831B /* Images.xcassets */ = {isa = PBXFileReference; lastKnownFileType = folder.assetcatalog; path = Images.xcassets; sourceTree = "<group>"; };
		18178AD519C9A3510061831B /* SoccerTests.xctest */ = {isa = PBXFileReference; explicitFileType = wrapper.cfbundle; includeInIndex = 0; path = SoccerTests.xctest; sourceTree = BUILT_PRODUCTS_DIR; };
		18178AD619C9A3510061831B /* XCTest.framework */ = {isa = PBXFileReference; lastKnownFileType = wrapper.framework; name = XCTest.framework; path = Library/Frameworks/XCTest.framework; sourceTree = DEVELOPER_DIR; };
		18178ADE19C9A3510061831B /* SoccerTests-Info.plist */ = {isa = PBXFileReference; lastKnownFileType = text.plist.xml; path = "SoccerTests-Info.plist"; sourceTree = "<group>"; };
		18178AE019C9A3510061831B /* en */ = {isa = PBXFileReference; lastKnownFileType = text.plist.strings; name = en; path = en.lproj/InfoPlist.strings; sourceTree = "<group>"; };
		18178AE219C9A3510061831B /* SoccerTests.m */ = {isa = PBXFileReference; lastKnownFileType = sourcecode.c.objc; path = SoccerTests.m; sourceTree = "<group>"; };
		18178AF419C9A6C70061831B /* PROPELLER 1.png */ = {isa = PBXFileReference; lastKnownFileType = image.png; path = "PROPELLER 1.png"; sourceTree = "<group>"; };
		18178AF519C9A6C70061831B /* PROPELLER 2.png */ = {isa = PBXFileReference; lastKnownFileType = image.png; path = "PROPELLER 2.png"; sourceTree = "<group>"; };
		18178B0719C9BFB50061831B /* GragView.h */ = {isa = PBXFileReference; fileEncoding = 4; lastKnownFileType = sourcecode.c.h; path = GragView.h; sourceTree = "<group>"; };
		18178B0819C9BFB50061831B /* GragView.m */ = {isa = PBXFileReference; fileEncoding = 4; lastKnownFileType = sourcecode.c.objc; path = GragView.m; sourceTree = "<group>"; };
		181CA47819CA33480009BE1F /* player1.png */ = {isa = PBXFileReference; lastKnownFileType = image.png; path = player1.png; sourceTree = "<group>"; };
		181CA47919CA33480009BE1F /* player2.png */ = {isa = PBXFileReference; lastKnownFileType = image.png; path = player2.png; sourceTree = "<group>"; };
		188878EA19CB2A960051614F /* soccer.png */ = {isa = PBXFileReference; lastKnownFileType = image.png; path = soccer.png; sourceTree = "<group>"; };
		18B88AC119D9EF9E005578CE /* background.jpeg */ = {isa = PBXFileReference; lastKnownFileType = image.jpeg; path = background.jpeg; sourceTree = "<group>"; };
/* End PBXFileReference section */

/* Begin PBXFrameworksBuildPhase section */
		18178AAA19C9A3510061831B /* Frameworks */ = {
			isa = PBXFrameworksBuildPhase;
			buildActionMask = 2147483647;
			files = (
				18178AB319C9A3510061831B /* CoreGraphics.framework in Frameworks */,
				18178AB519C9A3510061831B /* UIKit.framework in Frameworks */,
				18178AB719C9A3510061831B /* SpriteKit.framework in Frameworks */,
				18178AB119C9A3510061831B /* Foundation.framework in Frameworks */,
			);
			runOnlyForDeploymentPostprocessing = 0;
		};
		18178AD219C9A3510061831B /* Frameworks */ = {
			isa = PBXFrameworksBuildPhase;
			buildActionMask = 2147483647;
			files = (
				18178AD719C9A3510061831B /* XCTest.framework in Frameworks */,
				18178AD919C9A3510061831B /* UIKit.framework in Frameworks */,
				18178AD819C9A3510061831B /* Foundation.framework in Frameworks */,
			);
			runOnlyForDeploymentPostprocessing = 0;
		};
/* End PBXFrameworksBuildPhase section */

/* Begin PBXGroup section */
		18178AA419C9A3510061831B = {
			isa = PBXGroup;
			children = (
				18178AB819C9A3510061831B /* Soccer */,
				18178ADC19C9A3510061831B /* SoccerTests */,
				18178AAF19C9A3510061831B /* Frameworks */,
				18178AAE19C9A3510061831B /* Products */,
			);
			sourceTree = "<group>";
		};
		18178AAE19C9A3510061831B /* Products */ = {
			isa = PBXGroup;
			children = (
				18178AAD19C9A3510061831B /* Soccer.app */,
				18178AD519C9A3510061831B /* SoccerTests.xctest */,
			);
			name = Products;
			sourceTree = "<group>";
		};
		18178AAF19C9A3510061831B /* Frameworks */ = {
			isa = PBXGroup;
			children = (
				18178AB019C9A3510061831B /* Foundation.framework */,
				18178AB219C9A3510061831B /* CoreGraphics.framework */,
				18178AB419C9A3510061831B /* UIKit.framework */,
				18178AB619C9A3510061831B /* SpriteKit.framework */,
				18178AD619C9A3510061831B /* XCTest.framework */,
			);
			name = Frameworks;
			sourceTree = "<group>";
		};
		18178AB819C9A3510061831B /* Soccer */ = {
			isa = PBXGroup;
			children = (
				18178B0719C9BFB50061831B /* GragView.h */,
				18178B0819C9BFB50061831B /* GragView.m */,
				18178AC119C9A3510061831B /* AppDelegate.h */,
				18178AC219C9A3510061831B /* AppDelegate.m */,
				18178AC419C9A3510061831B /* Main.storyboard */,
				18178AC719C9A3510061831B /* ViewController.h */,
				18178AC819C9A3510061831B /* ViewController.m */,
				18B88AC119D9EF9E005578CE /* background.jpeg */,
				18178ACA19C9A3510061831B /* MyScene.h */,
				18178ACB19C9A3510061831B /* MyScene.m */,
				181CA47819CA33480009BE1F /* player1.png */,
				181CA47919CA33480009BE1F /* player2.png */,
				188878EA19CB2A960051614F /* soccer.png */,
				18178AF419C9A6C70061831B /* PROPELLER 1.png */,
				18178AF519C9A6C70061831B /* PROPELLER 2.png */,
				18178ACF19C9A3510061831B /* Images.xcassets */,
				18178AB919C9A3510061831B /* Supporting Files */,
			);
			path = Soccer;
			sourceTree = "<group>";
		};
		18178AB919C9A3510061831B /* Supporting Files */ = {
			isa = PBXGroup;
			children = (
				18178ABA19C9A3510061831B /* Soccer-Info.plist */,
				18178ABB19C9A3510061831B /* InfoPlist.strings */,
				18178ABE19C9A3510061831B /* main.m */,
				18178AC019C9A3510061831B /* Soccer-Prefix.pch */,
			);
			name = "Supporting Files";
			sourceTree = "<group>";
		};
		18178ADC19C9A3510061831B /* SoccerTests */ = {
			isa = PBXGroup;
			children = (
				18178AE219C9A3510061831B /* SoccerTests.m */,
				18178ADD19C9A3510061831B /* Supporting Files */,
			);
			path = SoccerTests;
			sourceTree = "<group>";
		};
		18178ADD19C9A3510061831B /* Supporting Files */ = {
			isa = PBXGroup;
			children = (
				18178ADE19C9A3510061831B /* SoccerTests-Info.plist */,
				18178ADF19C9A3510061831B /* InfoPlist.strings */,
			);
			name = "Supporting Files";
			sourceTree = "<group>";
		};
/* End PBXGroup section */

/* Begin PBXNativeTarget section */
		18178AAC19C9A3510061831B /* Soccer */ = {
			isa = PBXNativeTarget;
			buildConfigurationList = 18178AE619C9A3510061831B /* Build configuration list for PBXNativeTarget "Soccer" */;
			buildPhases = (
				18178AA919C9A3510061831B /* Sources */,
				18178AAA19C9A3510061831B /* Frameworks */,
				18178AAB19C9A3510061831B /* Resources */,
			);
			buildRules = (
			);
			dependencies = (
			);
			name = Soccer;
			productName = Soccer;
			productReference = 18178AAD19C9A3510061831B /* Soccer.app */;
			productType = "com.apple.product-type.application";
		};
		18178AD419C9A3510061831B /* SoccerTests */ = {
			isa = PBXNativeTarget;
			buildConfigurationList = 18178AE919C9A3510061831B /* Build configuration list for PBXNativeTarget "SoccerTests" */;
			buildPhases = (
				18178AD119C9A3510061831B /* Sources */,
				18178AD219C9A3510061831B /* Frameworks */,
				18178AD319C9A3510061831B /* Resources */,
			);
			buildRules = (
			);
			dependencies = (
				18178ADB19C9A3510061831B /* PBXTargetDependency */,
			);
			name = SoccerTests;
			productName = SoccerTests;
			productReference = 18178AD519C9A3510061831B /* SoccerTests.xctest */;
			productType = "com.apple.product-type.bundle.unit-test";
		};
/* End PBXNativeTarget section */

/* Begin PBXProject section */
		18178AA519C9A3510061831B /* Project object */ = {
			isa = PBXProject;
			attributes = {
				LastUpgradeCheck = 0510;
				ORGANIZATIONNAME = hao;
				TargetAttributes = {
					18178AD419C9A3510061831B = {
						TestTargetID = 18178AAC19C9A3510061831B;
					};
				};
			};
			buildConfigurationList = 18178AA819C9A3510061831B /* Build configuration list for PBXProject "Soccer" */;
			compatibilityVersion = "Xcode 3.2";
			developmentRegion = English;
			hasScannedForEncodings = 0;
			knownRegions = (
				en,
				Base,
			);
			mainGroup = 18178AA419C9A3510061831B;
			productRefGroup = 18178AAE19C9A3510061831B /* Products */;
			projectDirPath = "";
			projectRoot = "";
			targets = (
				18178AAC19C9A3510061831B /* Soccer */,
				18178AD419C9A3510061831B /* SoccerTests */,
			);
		};
/* End PBXProject section */

/* Begin PBXResourcesBuildPhase section */
		18178AAB19C9A3510061831B /* Resources */ = {
			isa = PBXResourcesBuildPhase;
			buildActionMask = 2147483647;
			files = (
				18178ABD19C9A3510061831B /* InfoPlist.strings in Resources */,
				18B88AC219D9EF9E005578CE /* background.jpeg in Resources */,
				18178AF719C9A6C70061831B /* PROPELLER 2.png in Resources */,
				18178AD019C9A3510061831B /* Images.xcassets in Resources */,
				181CA47C19CA33480009BE1F /* player1.png in Resources */,
				181CA47D19CA33480009BE1F /* player2.png in Resources */,
				188878EB19CB2A960051614F /* soccer.png in Resources */,
				18178AF619C9A6C70061831B /* PROPELLER 1.png in Resources */,
				18178AC619C9A3510061831B /* Main.storyboard in Resources */,
			);
			runOnlyForDeploymentPostprocessing = 0;
		};
		18178AD319C9A3510061831B /* Resources */ = {
			isa = PBXResourcesBuildPhase;
			buildActionMask = 2147483647;
			files = (
				18178AE119C9A3510061831B /* InfoPlist.strings in Resources */,
			);
			runOnlyForDeploymentPostprocessing = 0;
		};
/* End PBXResourcesBuildPhase section */

/* Begin PBXSourcesBuildPhase section */
		18178AA919C9A3510061831B /* Sources */ = {
			isa = PBXSourcesBuildPhase;
			buildActionMask = 2147483647;
			files = (
				18178ACC19C9A3510061831B /* MyScene.m in Sources */,
				18178AC919C9A3510061831B /* ViewController.m in Sources */,
				18178AC319C9A3510061831B /* AppDelegate.m in Sources */,
				18178ABF19C9A3510061831B /* main.m in Sources */,
				18178B0919C9BFB50061831B /* GragView.m in Sources */,
			);
			runOnlyForDeploymentPostprocessing = 0;
		};
		18178AD119C9A3510061831B /* Sources */ = {
			isa = PBXSourcesBuildPhase;
			buildActionMask = 2147483647;
			files = (
				18178AE319C9A3510061831B /* SoccerTests.m in Sources */,
			);
			runOnlyForDeploymentPostprocessing = 0;
		};
/* End PBXSourcesBuildPhase section */

/* Begin PBXTargetDependency section */
		18178ADB19C9A3510061831B /* PBXTargetDependency */ = {
			isa = PBXTargetDependency;
			target = 18178AAC19C9A3510061831B /* Soccer */;
			targetProxy = 18178ADA19C9A3510061831B /* PBXContainerItemProxy */;
		};
/* End PBXTargetDependency section */

/* Begin PBXVariantGroup section */
		18178ABB19C9A3510061831B /* InfoPlist.strings */ = {
			isa = PBXVariantGroup;
			children = (
				18178ABC19C9A3510061831B /* en */,
			);
			name = InfoPlist.strings;
			sourceTree = "<group>";
		};
		18178AC419C9A3510061831B /* Main.storyboard */ = {
			isa = PBXVariantGroup;
			children = (
				18178AC519C9A3510061831B /* Base */,
			);
			name = Main.storyboard;
			sourceTree = "<group>";
		};
		18178ADF19C9A3510061831B /* InfoPlist.strings */ = {
			isa = PBXVariantGroup;
			children = (
				18178AE019C9A3510061831B /* en */,
			);
			name = InfoPlist.strings;
			sourceTree = "<group>";
		};
/* End PBXVariantGroup section */

/* Begin XCBuildConfiguration section */
		18178AE419C9A3510061831B /* Debug */ = {
			isa = XCBuildConfiguration;
			buildSettings = {
				ALWAYS_SEARCH_USER_PATHS = NO;
				CLANG_CXX_LANGUAGE_STANDARD = "gnu++0x";
				CLANG_CXX_LIBRARY = "libc++";
				CLANG_ENABLE_MODULES = YES;
				CLANG_ENABLE_OBJC_ARC = YES;
				CLANG_WARN_BOOL_CONVERSION = YES;
				CLANG_WARN_CONSTANT_CONVERSION = YES;
				CLANG_WARN_DIRECT_OBJC_ISA_USAGE = YES_ERROR;
				CLANG_WARN_EMPTY_BODY = YES;
				CLANG_WARN_ENUM_CONVERSION = YES;
				CLANG_WARN_INT_CONVERSION = YES;
				CLANG_WARN_OBJC_ROOT_CLASS = YES_ERROR;
				CLANG_WARN__DUPLICATE_METHOD_MATCH = YES;
				"CODE_SIGN_IDENTITY[sdk=iphoneos*]" = "iPhone Developer";
				COPY_PHASE_STRIP = NO;
				GCC_C_LANGUAGE_STANDARD = gnu99;
				GCC_DYNAMIC_NO_PIC = NO;
				GCC_OPTIMIZATION_LEVEL = 0;
				GCC_PREPROCESSOR_DEFINITIONS = (
					"DEBUG=1",
					"$(inherited)",
				);
				GCC_SYMBOLS_PRIVATE_EXTERN = NO;
				GCC_WARN_64_TO_32_BIT_CONVERSION = YES;
				GCC_WARN_ABOUT_RETURN_TYPE = YES_ERROR;
				GCC_WARN_UNDECLARED_SELECTOR = YES;
				GCC_WARN_UNINITIALIZED_AUTOS = YES_AGGRESSIVE;
				GCC_WARN_UNUSED_FUNCTION = YES;
				GCC_WARN_UNUSED_VARIABLE = YES;
				IPHONEOS_DEPLOYMENT_TARGET = 7.1;
				ONLY_ACTIVE_ARCH = YES;
				SDKROOT = iphoneos;
				TARGETED_DEVICE_FAMILY = 2;
			};
			name = Debug;
		};
		18178AE519C9A3510061831B /* Release */ = {
			isa = XCBuildConfiguration;
			buildSettings = {
				ALWAYS_SEARCH_USER_PATHS = NO;
				CLANG_CXX_LANGUAGE_STANDARD = "gnu++0x";
				CLANG_CXX_LIBRARY = "libc++";
				CLANG_ENABLE_MODULES = YES;
				CLANG_ENABLE_OBJC_ARC = YES;
				CLANG_WARN_BOOL_CONVERSION = YES;
				CLANG_WARN_CONSTANT_CONVERSION = YES;
				CLANG_WARN_DIRECT_OBJC_ISA_USAGE = YES_ERROR;
				CLANG_WARN_EMPTY_BODY = YES;
				CLANG_WARN_ENUM_CONVERSION = YES;
				CLANG_WARN_INT_CONVERSION = YES;
				CLANG_WARN_OBJC_ROOT_CLASS = YES_ERROR;
				CLANG_WARN__DUPLICATE_METHOD_MATCH = YES;
				"CODE_SIGN_IDENTITY[sdk=iphoneos*]" = "iPhone Developer";
				COPY_PHASE_STRIP = YES;
				ENABLE_NS_ASSERTIONS = NO;
				GCC_C_LANGUAGE_STANDARD = gnu99;
				GCC_WARN_64_TO_32_BIT_CONVERSION = YES;
				GCC_WARN_ABOUT_RETURN_TYPE = YES_ERROR;
				GCC_WARN_UNDECLARED_SELECTOR = YES;
				GCC_WARN_UNINITIALIZED_AUTOS = YES_AGGRESSIVE;
				GCC_WARN_UNUSED_FUNCTION = YES;
				GCC_WARN_UNUSED_VARIABLE = YES;
				IPHONEOS_DEPLOYMENT_TARGET = 7.1;
				SDKROOT = iphoneos;
				TARGETED_DEVICE_FAMILY = 2;
				VALIDATE_PRODUCT = YES;
			};
			name = Release;
		};
		18178AE719C9A3510061831B /* Debug */ = {
			isa = XCBuildConfiguration;
			buildSettings = {
				ASSETCATALOG_COMPILER_APPICON_NAME = AppIcon;
				ASSETCATALOG_COMPILER_LAUNCHIMAGE_NAME = LaunchImage;
				GCC_PRECOMPILE_PREFIX_HEADER = YES;
				GCC_PREFIX_HEADER = "Soccer/Soccer-Prefix.pch";
				INFOPLIST_FILE = "Soccer/Soccer-Info.plist";
				PRODUCT_NAME = "$(TARGET_NAME)";
				SPRITEKIT_TEXTURE_ATLAS_OUTPUT = YES;
				WRAPPER_EXTENSION = app;
			};
			name = Debug;
		};
		18178AE819C9A3510061831B /* Release */ = {
			isa = XCBuildConfiguration;
			buildSettings = {
				ASSETCATALOG_COMPILER_APPICON_NAME = AppIcon;
				ASSETCATALOG_COMPILER_LAUNCHIMAGE_NAME = LaunchImage;
				GCC_PRECOMPILE_PREFIX_HEADER = YES;
				GCC_PREFIX_HEADER = "Soccer/Soccer-Prefix.pch";
				INFOPLIST_FILE = "Soccer/Soccer-Info.plist";
				PRODUCT_NAME = "$(TARGET_NAME)";
				SPRITEKIT_TEXTURE_ATLAS_OUTPUT = YES;
				WRAPPER_EXTENSION = app;
			};
			name = Release;
		};
		18178AEA19C9A3510061831B /* Debug */ = {
			isa = XCBuildConfiguration;
			buildSettings = {
				BUNDLE_LOADER = "$(BUILT_PRODUCTS_DIR)/Soccer.app/Soccer";
				FRAMEWORK_SEARCH_PATHS = (
					"$(SDKROOT)/Developer/Library/Frameworks",
					"$(inherited)",
					"$(DEVELOPER_FRAMEWORKS_DIR)",
				);
				GCC_PRECOMPILE_PREFIX_HEADER = YES;
				GCC_PREFIX_HEADER = "Soccer/Soccer-Prefix.pch";
				GCC_PREPROCESSOR_DEFINITIONS = (
					"DEBUG=1",
					"$(inherited)",
				);
				INFOPLIST_FILE = "SoccerTests/SoccerTests-Info.plist";
				PRODUCT_NAME = "$(TARGET_NAME)";
				TEST_HOST = "$(BUNDLE_LOADER)";
				WRAPPER_EXTENSION = xctest;
			};
			name = Debug;
		};
		18178AEB19C9A3510061831B /* Release */ = {
			isa = XCBuildConfiguration;
			buildSettings = {
				BUNDLE_LOADER = "$(BUILT_PRODUCTS_DIR)/Soccer.app/Soccer";
				FRAMEWORK_SEARCH_PATHS = (
					"$(SDKROOT)/Developer/Library/Frameworks",
					"$(inherited)",
					"$(DEVELOPER_FRAMEWORKS_DIR)",
				);
				GCC_PRECOMPILE_PREFIX_HEADER = YES;
				GCC_PREFIX_HEADER = "Soccer/Soccer-Prefix.pch";
				INFOPLIST_FILE = "SoccerTests/SoccerTests-Info.plist";
				PRODUCT_NAME = "$(TARGET_NAME)";
				TEST_HOST = "$(BUNDLE_LOADER)";
				WRAPPER_EXTENSION = xctest;
			};
			name = Release;
		};
/* End XCBuildConfiguration section */

/* Begin XCConfigurationList section */
		18178AA819C9A3510061831B /* Build configuration list for PBXProject "Soccer" */ = {
			isa = XCConfigurationList;
			buildConfigurations = (
				18178AE419C9A3510061831B /* Debug */,
				18178AE519C9A3510061831B /* Release */,
			);
			defaultConfigurationIsVisible = 0;
			defaultConfigurationName = Release;
		};
		18178AE619C9A3510061831B /* Build configuration list for PBXNativeTarget "Soccer" */ = {
			isa = XCConfigurationList;
			buildConfigurations = (
				18178AE719C9A3510061831B /* Debug */,
				18178AE819C9A3510061831B /* Release */,
			);
			defaultConfigurationIsVisible = 0;
			defaultConfigurationName = Release;
		};
		18178AE919C9A3510061831B /* Build configuration list for PBXNativeTarget "SoccerTests" */ = {
			isa = XCConfigurationList;
			buildConfigurations = (
				18178AEA19C9A3510061831B /* Debug */,
				18178AEB19C9A3510061831B /* Release */,
			);
			defaultConfigurationIsVisible = 0;
			defaultConfigurationName = Release;
		};
/* End XCConfigurationList section */
	};
	rootObject = 18178AA519C9A3510061831B /* Project object */;
}
